// !$*UTF8*$!
{
	archiveVersion = 1;
	classes = {
	};
	objectVersion = 50;
	objects = {

/* Begin PBXBuildFile section */
		AEB9FBE0246EEC03001A1F54 /* Icon in Resources */ = {isa = PBXBuildFile; fileRef = AEB9FBC6246EEC02001A1F54 /* Icon */; };
		AEB9FBE1246EEC03001A1F54 /* lobby.png in Resources */ = {isa = PBXBuildFile; fileRef = AEB9FBC8246EEC02001A1F54 /* lobby.png */; };
		AEB9FBE2246EEC03001A1F54 /* battlebg.png in Resources */ = {isa = PBXBuildFile; fileRef = AEB9FBC9246EEC02001A1F54 /* battlebg.png */; };
		AEB9FBE3246EEC03001A1F54 /* bgimage.jpg in Resources */ = {isa = PBXBuildFile; fileRef = AEB9FBCA246EEC02001A1F54 /* bgimage.jpg */; };
		AEB9FBE4246EEC03001A1F54 /* Icon in Resources */ = {isa = PBXBuildFile; fileRef = AEB9FBCB246EEC02001A1F54 /* Icon */; };
		AEB9FBE5246EEC03001A1F54 /* waku.png in Resources */ = {isa = PBXBuildFile; fileRef = AEB9FBCC246EEC02001A1F54 /* waku.png */; };
		AEB9FBE6246EEC03001A1F54 /* gold_button.png in Resources */ = {isa = PBXBuildFile; fileRef = AEB9FBCD246EEC02001A1F54 /* gold_button.png */; };
		AEB9FBE7246EEC03001A1F54 /* yusya.png in Resources */ = {isa = PBXBuildFile; fileRef = AEB9FBCE246EEC02001A1F54 /* yusya.png */; };
		AEB9FBE8246EEC03001A1F54 /* monster.png in Resources */ = {isa = PBXBuildFile; fileRef = AEB9FBCF246EEC02001A1F54 /* monster.png */; };
		AEB9FBE9246EEC03001A1F54 /* Icon in Resources */ = {isa = PBXBuildFile; fileRef = AEB9FBD1246EEC02001A1F54 /* Icon */; };
		AEB9FBEA246EEC03001A1F54 /* TechMonManager.swift in Sources */ = {isa = PBXBuildFile; fileRef = AEB9FBD2246EEC02001A1F54 /* TechMonManager.swift */; };
		AEB9FBEB246EEC03001A1F54 /* Character.swift in Sources */ = {isa = PBXBuildFile; fileRef = AEB9FBD3246EEC02001A1F54 /* Character.swift */; };
		AEB9FBEC246EEC03001A1F54 /* SE_fanfare.mp3 in Resources */ = {isa = PBXBuildFile; fileRef = AEB9FBD5246EEC03001A1F54 /* SE_fanfare.mp3 */; };
		AEB9FBED246EEC03001A1F54 /* BGM_battle001.mp3 in Resources */ = {isa = PBXBuildFile; fileRef = AEB9FBD6246EEC03001A1F54 /* BGM_battle001.mp3 */; };
		AEB9FBEE246EEC03001A1F54 /* Icon in Resources */ = {isa = PBXBuildFile; fileRef = AEB9FBD7246EEC03001A1F54 /* Icon */; };
		AEB9FBEF246EEC03001A1F54 /* SE_fire.mp3 in Resources */ = {isa = PBXBuildFile; fileRef = AEB9FBD8246EEC03001A1F54 /* SE_fire.mp3 */; };
		AEB9FBF0246EEC03001A1F54 /* SE_attack.mp3 in Resources */ = {isa = PBXBuildFile; fileRef = AEB9FBD9246EEC03001A1F54 /* SE_attack.mp3 */; };
		AEB9FBF1246EEC03001A1F54 /* SE_gameover.mp3 in Resources */ = {isa = PBXBuildFile; fileRef = AEB9FBDA246EEC03001A1F54 /* SE_gameover.mp3 */; };
		AEB9FBF2246EEC03001A1F54 /* SE_charge.mp3 in Resources */ = {isa = PBXBuildFile; fileRef = AEB9FBDB246EEC03001A1F54 /* SE_charge.mp3 */; };
		AEB9FBF3246EEC03001A1F54 /* lobby.mp3 in Resources */ = {isa = PBXBuildFile; fileRef = AEB9FBDC246EEC03001A1F54 /* lobby.mp3 */; };
		AEB9FBF4246EEC03001A1F54 /* Icon in Resources */ = {isa = PBXBuildFile; fileRef = AEB9FBDE246EEC03001A1F54 /* Icon */; };
		AEB9FBF5246EEC03001A1F54 /* misaki_gothic.ttf in Resources */ = {isa = PBXBuildFile; fileRef = AEB9FBDF246EEC03001A1F54 /* misaki_gothic.ttf */; };
		AEBBEB68246E8D6200F00590 /* AppDelegate.swift in Sources */ = {isa = PBXBuildFile; fileRef = AEBBEB67246E8D6200F00590 /* AppDelegate.swift */; };
		AEBBEB6A246E8D6200F00590 /* SceneDelegate.swift in Sources */ = {isa = PBXBuildFile; fileRef = AEBBEB69246E8D6200F00590 /* SceneDelegate.swift */; };
		AEBBEB6C246E8D6200F00590 /* ViewController.swift in Sources */ = {isa = PBXBuildFile; fileRef = AEBBEB6B246E8D6200F00590 /* ViewController.swift */; };
		AEBBEB6F246E8D6200F00590 /* Main.storyboard in Resources */ = {isa = PBXBuildFile; fileRef = AEBBEB6D246E8D6200F00590 /* Main.storyboard */; };
		AEBBEB71246E8D6300F00590 /* Assets.xcassets in Resources */ = {isa = PBXBuildFile; fileRef = AEBBEB70246E8D6300F00590 /* Assets.xcassets */; };
		AEBBEB74246E8D6300F00590 /* LaunchScreen.storyboard in Resources */ = {isa = PBXBuildFile; fileRef = AEBBEB72246E8D6300F00590 /* LaunchScreen.storyboard */; };
		AEBBEB7F246E8D6300F00590 /* TechMonTests.swift in Sources */ = {isa = PBXBuildFile; fileRef = AEBBEB7E246E8D6300F00590 /* TechMonTests.swift */; };
		AEBBEB8A246E8D6300F00590 /* TechMonUITests.swift in Sources */ = {isa = PBXBuildFile; fileRef = AEBBEB89246E8D6300F00590 /* TechMonUITests.swift */; };
		AEBBEBC1246E997A00F00590 /* LobbyViewController.swift in Sources */ = {isa = PBXBuildFile; fileRef = AEBBEBC0246E997A00F00590 /* LobbyViewController.swift */; };
		AEBBEBC3246E999500F00590 /* BattleViewController.swift in Sources */ = {isa = PBXBuildFile; fileRef = AEBBEBC2246E999500F00590 /* BattleViewController.swift */; };
/* End PBXBuildFile section */

/* Begin PBXContainerItemProxy section */
		AEBBEB7B246E8D6300F00590 /* PBXContainerItemProxy */ = {
			isa = PBXContainerItemProxy;
			containerPortal = AEBBEB5C246E8D6200F00590 /* Project object */;
			proxyType = 1;
			remoteGlobalIDString = AEBBEB63246E8D6200F00590;
			remoteInfo = TechMon;
		};
		AEBBEB86246E8D6300F00590 /* PBXContainerItemProxy */ = {
			isa = PBXContainerItemProxy;
			containerPortal = AEBBEB5C246E8D6200F00590 /* Project object */;
			proxyType = 1;
			remoteGlobalIDString = AEBBEB63246E8D6200F00590;
			remoteInfo = TechMon;
		};
/* End PBXContainerItemProxy section */

/* Begin PBXFileReference section */
		AEB9FBC6246EEC02001A1F54 /* Icon */ = {isa = PBXFileReference; fileEncoding = 4; lastKnownFileType = text; path = "Icon"; sourceTree = "<group>"; };
		AEB9FBC8246EEC02001A1F54 /* lobby.png */ = {isa = PBXFileReference; lastKnownFileType = image.png; path = lobby.png; sourceTree = "<group>"; };
		AEB9FBC9246EEC02001A1F54 /* battlebg.png */ = {isa = PBXFileReference; lastKnownFileType = image.png; path = battlebg.png; sourceTree = "<group>"; };
		AEB9FBCA246EEC02001A1F54 /* bgimage.jpg */ = {isa = PBXFileReference; lastKnownFileType = image.jpeg; path = bgimage.jpg; sourceTree = "<group>"; };
		AEB9FBCB246EEC02001A1F54 /* Icon */ = {isa = PBXFileReference; fileEncoding = 4; lastKnownFileType = text; path = "Icon"; sourceTree = "<group>"; };
		AEB9FBCC246EEC02001A1F54 /* waku.png */ = {isa = PBXFileReference; lastKnownFileType = image.png; path = waku.png; sourceTree = "<group>"; };
		AEB9FBCD246EEC02001A1F54 /* gold_button.png */ = {isa = PBXFileReference; lastKnownFileType = image.png; path = gold_button.png; sourceTree = "<group>"; };
		AEB9FBCE246EEC02001A1F54 /* yusya.png */ = {isa = PBXFileReference; lastKnownFileType = image.png; path = yusya.png; sourceTree = "<group>"; };
		AEB9FBCF246EEC02001A1F54 /* monster.png */ = {isa = PBXFileReference; lastKnownFileType = image.png; path = monster.png; sourceTree = "<group>"; };
		AEB9FBD1246EEC02001A1F54 /* Icon */ = {isa = PBXFileReference; fileEncoding = 4; lastKnownFileType = text; path = "Icon"; sourceTree = "<group>"; };
		AEB9FBD2246EEC02001A1F54 /* TechMonManager.swift */ = {isa = PBXFileReference; fileEncoding = 4; lastKnownFileType = sourcecode.swift; path = TechMonManager.swift; sourceTree = "<group>"; };
		AEB9FBD3246EEC02001A1F54 /* Character.swift */ = {isa = PBXFileReference; fileEncoding = 4; lastKnownFileType = sourcecode.swift; path = Character.swift; sourceTree = "<group>"; };
		AEB9FBD5246EEC03001A1F54 /* SE_fanfare.mp3 */ = {isa = PBXFileReference; lastKnownFileType = audio.mp3; path = SE_fanfare.mp3; sourceTree = "<group>"; };
		AEB9FBD6246EEC03001A1F54 /* BGM_battle001.mp3 */ = {isa = PBXFileReference; lastKnownFileType = audio.mp3; path = BGM_battle001.mp3; sourceTree = "<group>"; };
		AEB9FBD7246EEC03001A1F54 /* Icon */ = {isa = PBXFileReference; fileEncoding = 4; lastKnownFileType = text; path = "Icon"; sourceTree = "<group>"; };
		AEB9FBD8246EEC03001A1F54 /* SE_fire.mp3 */ = {isa = PBXFileReference; lastKnownFileType = audio.mp3; path = SE_fire.mp3; sourceTree = "<group>"; };
		AEB9FBD9246EEC03001A1F54 /* SE_attack.mp3 */ = {isa = PBXFileReference; lastKnownFileType = audio.mp3; path = SE_attack.mp3; sourceTree = "<group>"; };
		AEB9FBDA246EEC03001A1F54 /* SE_gameover.mp3 */ = {isa = PBXFileReference; lastKnownFileType = audio.mp3; path = SE_gameover.mp3; sourceTree = "<group>"; };
		AEB9FBDB246EEC03001A1F54 /* SE_charge.mp3 */ = {isa = PBXFileReference; lastKnownFileType = audio.mp3; path = SE_charge.mp3; sourceTree = "<group>"; };
		AEB9FBDC246EEC03001A1F54 /* lobby.mp3 */ = {isa = PBXFileReference; lastKnownFileType = audio.mp3; path = lobby.mp3; sourceTree = "<group>"; };
		AEB9FBDE246EEC03001A1F54 /* Icon */ = {isa = PBXFileReference; fileEncoding = 4; lastKnownFileType = text; path = "Icon"; sourceTree = "<group>"; };
		AEB9FBDF246EEC03001A1F54 /* misaki_gothic.ttf */ = {isa = PBXFileReference; lastKnownFileType = file; path = misaki_gothic.ttf; sourceTree = "<group>"; };
		AEBBEB64246E8D6200F00590 /* TechMon.app */ = {isa = PBXFileReference; explicitFileType = wrapper.application; includeInIndex = 0; path = TechMon.app; sourceTree = BUILT_PRODUCTS_DIR; };
		AEBBEB67246E8D6200F00590 /* AppDelegate.swift */ = {isa = PBXFileReference; lastKnownFileType = sourcecode.swift; path = AppDelegate.swift; sourceTree = "<group>"; };
		AEBBEB69246E8D6200F00590 /* SceneDelegate.swift */ = {isa = PBXFileReference; lastKnownFileType = sourcecode.swift; path = SceneDelegate.swift; sourceTree = "<group>"; };
		AEBBEB6B246E8D6200F00590 /* ViewController.swift */ = {isa = PBXFileReference; lastKnownFileType = sourcecode.swift; path = ViewController.swift; sourceTree = "<group>"; };
		AEBBEB6E246E8D6200F00590 /* Base */ = {isa = PBXFileReference; lastKnownFileType = file.storyboard; name = Base; path = Base.lproj/Main.storyboard; sourceTree = "<group>"; };
		AEBBEB70246E8D6300F00590 /* Assets.xcassets */ = {isa = PBXFileReference; lastKnownFileType = folder.assetcatalog; path = Assets.xcassets; sourceTree = "<group>"; };
		AEBBEB73246E8D6300F00590 /* Base */ = {isa = PBXFileReference; lastKnownFileType = file.storyboard; name = Base; path = Base.lproj/LaunchScreen.storyboard; sourceTree = "<group>"; };
		AEBBEB75246E8D6300F00590 /* Info.plist */ = {isa = PBXFileReference; lastKnownFileType = text.plist.xml; path = Info.plist; sourceTree = "<group>"; };
		AEBBEB7A246E8D6300F00590 /* TechMonTests.xctest */ = {isa = PBXFileReference; explicitFileType = wrapper.cfbundle; includeInIndex = 0; path = TechMonTests.xctest; sourceTree = BUILT_PRODUCTS_DIR; };
		AEBBEB7E246E8D6300F00590 /* TechMonTests.swift */ = {isa = PBXFileReference; lastKnownFileType = sourcecode.swift; path = TechMonTests.swift; sourceTree = "<group>"; };
		AEBBEB80246E8D6300F00590 /* Info.plist */ = {isa = PBXFileReference; lastKnownFileType = text.plist.xml; path = Info.plist; sourceTree = "<group>"; };
		AEBBEB85246E8D6300F00590 /* TechMonUITests.xctest */ = {isa = PBXFileReference; explicitFileType = wrapper.cfbundle; includeInIndex = 0; path = TechMonUITests.xctest; sourceTree = BUILT_PRODUCTS_DIR; };
		AEBBEB89246E8D6300F00590 /* TechMonUITests.swift */ = {isa = PBXFileReference; lastKnownFileType = sourcecode.swift; path = TechMonUITests.swift; sourceTree = "<group>"; };
		AEBBEB8B246E8D6300F00590 /* Info.plist */ = {isa = PBXFileReference; lastKnownFileType = text.plist.xml; path = Info.plist; sourceTree = "<group>"; };
		AEBBEBC0246E997A00F00590 /* LobbyViewController.swift */ = {isa = PBXFileReference; lastKnownFileType = sourcecode.swift; path = LobbyViewController.swift; sourceTree = "<group>"; };
		AEBBEBC2246E999500F00590 /* BattleViewController.swift */ = {isa = PBXFileReference; lastKnownFileType = sourcecode.swift; path = BattleViewController.swift; sourceTree = "<group>"; };
/* End PBXFileReference section */

/* Begin PBXFrameworksBuildPhase section */
		AEBBEB61246E8D6200F00590 /* Frameworks */ = {
			isa = PBXFrameworksBuildPhase;
			buildActionMask = 2147483647;
			files = (
			);
			runOnlyForDeploymentPostprocessing = 0;
		};
		AEBBEB77246E8D6300F00590 /* Frameworks */ = {
			isa = PBXFrameworksBuildPhase;
			buildActionMask = 2147483647;
			files = (
			);
			runOnlyForDeploymentPostprocessing = 0;
		};
		AEBBEB82246E8D6300F00590 /* Frameworks */ = {
			isa = PBXFrameworksBuildPhase;
			buildActionMask = 2147483647;
			files = (
			);
			runOnlyForDeploymentPostprocessing = 0;
		};
/* End PBXFrameworksBuildPhase section */

/* Begin PBXGroup section */
		AEB9FBC5246EEC02001A1F54 /* TechMon_Resource */ = {
			isa = PBXGroup;
			children = (
				AEB9FBC6246EEC02001A1F54 /* Icon */,
				AEB9FBC7246EEC02001A1F54 /* Images */,
				AEB9FBD0246EEC02001A1F54 /* Models */,
				AEB9FBD4246EEC02001A1F54 /* Sounds */,
				AEB9FBDD246EEC03001A1F54 /* Fonts */,
			);
			path = TechMon_Resource;
			sourceTree = "<group>";
		};
		AEB9FBC7246EEC02001A1F54 /* Images */ = {
			isa = PBXGroup;
			children = (
				AEB9FBC8246EEC02001A1F54 /* lobby.png */,
				AEB9FBC9246EEC02001A1F54 /* battlebg.png */,
				AEB9FBCA246EEC02001A1F54 /* bgimage.jpg */,
				AEB9FBCB246EEC02001A1F54 /* Icon */,
				AEB9FBCC246EEC02001A1F54 /* waku.png */,
				AEB9FBCD246EEC02001A1F54 /* gold_button.png */,
				AEB9FBCE246EEC02001A1F54 /* yusya.png */,
				AEB9FBCF246EEC02001A1F54 /* monster.png */,
			);
			path = Images;
			sourceTree = "<group>";
		};
		AEB9FBD0246EEC02001A1F54 /* Models */ = {
			isa = PBXGroup;
			children = (
				AEB9FBD1246EEC02001A1F54 /* Icon */,
				AEB9FBD2246EEC02001A1F54 /* TechMonManager.swift */,
				AEB9FBD3246EEC02001A1F54 /* Character.swift */,
			);
			path = Models;
			sourceTree = "<group>";
		};
		AEB9FBD4246EEC02001A1F54 /* Sounds */ = {
			isa = PBXGroup;
			children = (
				AEB9FBD5246EEC03001A1F54 /* SE_fanfare.mp3 */,
				AEB9FBD6246EEC03001A1F54 /* BGM_battle001.mp3 */,
				AEB9FBD7246EEC03001A1F54 /* Icon */,
				AEB9FBD8246EEC03001A1F54 /* SE_fire.mp3 */,
				AEB9FBD9246EEC03001A1F54 /* SE_attack.mp3 */,
				AEB9FBDA246EEC03001A1F54 /* SE_gameover.mp3 */,
				AEB9FBDB246EEC03001A1F54 /* SE_charge.mp3 */,
				AEB9FBDC246EEC03001A1F54 /* lobby.mp3 */,
			);
			path = Sounds;
			sourceTree = "<group>";
		};
		AEB9FBDD246EEC03001A1F54 /* Fonts */ = {
			isa = PBXGroup;
			children = (
				AEB9FBDE246EEC03001A1F54 /* Icon */,
				AEB9FBDF246EEC03001A1F54 /* misaki_gothic.ttf */,
			);
			path = Fonts;
			sourceTree = "<group>";
		};
		AEBBEB5B246E8D6200F00590 = {
			isa = PBXGroup;
			children = (
				AEBBEB66246E8D6200F00590 /* TechMon */,
				AEBBEB7D246E8D6300F00590 /* TechMonTests */,
				AEBBEB88246E8D6300F00590 /* TechMonUITests */,
				AEBBEB65246E8D6200F00590 /* Products */,
			);
			sourceTree = "<group>";
		};
		AEBBEB65246E8D6200F00590 /* Products */ = {
			isa = PBXGroup;
			children = (
				AEBBEB64246E8D6200F00590 /* TechMon.app */,
				AEBBEB7A246E8D6300F00590 /* TechMonTests.xctest */,
				AEBBEB85246E8D6300F00590 /* TechMonUITests.xctest */,
			);
			name = Products;
			sourceTree = "<group>";
		};
		AEBBEB66246E8D6200F00590 /* TechMon */ = {
			isa = PBXGroup;
			children = (
				AEB9FBC5246EEC02001A1F54 /* TechMon_Resource */,
				AEBBEB67246E8D6200F00590 /* AppDelegate.swift */,
				AEBBEB69246E8D6200F00590 /* SceneDelegate.swift */,
				AEBBEB6B246E8D6200F00590 /* ViewController.swift */,
				AEBBEB6D246E8D6200F00590 /* Main.storyboard */,
				AEBBEB70246E8D6300F00590 /* Assets.xcassets */,
				AEBBEB72246E8D6300F00590 /* LaunchScreen.storyboard */,
				AEBBEB75246E8D6300F00590 /* Info.plist */,
				AEBBEBC0246E997A00F00590 /* LobbyViewController.swift */,
				AEBBEBC2246E999500F00590 /* BattleViewController.swift */,
			);
			path = TechMon;
			sourceTree = "<group>";
		};
		AEBBEB7D246E8D6300F00590 /* TechMonTests */ = {
			isa = PBXGroup;
			children = (
				AEBBEB7E246E8D6300F00590 /* TechMonTests.swift */,
				AEBBEB80246E8D6300F00590 /* Info.plist */,
			);
			path = TechMonTests;
			sourceTree = "<group>";
		};
		AEBBEB88246E8D6300F00590 /* TechMonUITests */ = {
			isa = PBXGroup;
			children = (
				AEBBEB89246E8D6300F00590 /* TechMonUITests.swift */,
				AEBBEB8B246E8D6300F00590 /* Info.plist */,
			);
			path = TechMonUITests;
			sourceTree = "<group>";
		};
/* End PBXGroup section */

/* Begin PBXNativeTarget section */
		AEBBEB63246E8D6200F00590 /* TechMon */ = {
			isa = PBXNativeTarget;
			buildConfigurationList = AEBBEB8E246E8D6300F00590 /* Build configuration list for PBXNativeTarget "TechMon" */;
			buildPhases = (
				AEBBEB60246E8D6200F00590 /* Sources */,
				AEBBEB61246E8D6200F00590 /* Frameworks */,
				AEBBEB62246E8D6200F00590 /* Resources */,
			);
			buildRules = (
			);
			dependencies = (
			);
			name = TechMon;
			productName = TechMon;
			productReference = AEBBEB64246E8D6200F00590 /* TechMon.app */;
			productType = "com.apple.product-type.application";
		};
		AEBBEB79246E8D6300F00590 /* TechMonTests */ = {
			isa = PBXNativeTarget;
			buildConfigurationList = AEBBEB91246E8D6300F00590 /* Build configuration list for PBXNativeTarget "TechMonTests" */;
			buildPhases = (
				AEBBEB76246E8D6300F00590 /* Sources */,
				AEBBEB77246E8D6300F00590 /* Frameworks */,
				AEBBEB78246E8D6300F00590 /* Resources */,
			);
			buildRules = (
			);
			dependencies = (
				AEBBEB7C246E8D6300F00590 /* PBXTargetDependency */,
			);
			name = TechMonTests;
			productName = TechMonTests;
			productReference = AEBBEB7A246E8D6300F00590 /* TechMonTests.xctest */;
			productType = "com.apple.product-type.bundle.unit-test";
		};
		AEBBEB84246E8D6300F00590 /* TechMonUITests */ = {
			isa = PBXNativeTarget;
			buildConfigurationList = AEBBEB94246E8D6300F00590 /* Build configuration list for PBXNativeTarget "TechMonUITests" */;
			buildPhases = (
				AEBBEB81246E8D6300F00590 /* Sources */,
				AEBBEB82246E8D6300F00590 /* Frameworks */,
				AEBBEB83246E8D6300F00590 /* Resources */,
			);
			buildRules = (
			);
			dependencies = (
				AEBBEB87246E8D6300F00590 /* PBXTargetDependency */,
			);
			name = TechMonUITests;
			productName = TechMonUITests;
			productReference = AEBBEB85246E8D6300F00590 /* TechMonUITests.xctest */;
			productType = "com.apple.product-type.bundle.ui-testing";
		};
/* End PBXNativeTarget section */

/* Begin PBXProject section */
		AEBBEB5C246E8D6200F00590 /* Project object */ = {
			isa = PBXProject;
			attributes = {
				LastSwiftUpdateCheck = 1140;
				LastUpgradeCheck = 1140;
				ORGANIZATIONNAME = "Kusunose Hosho";
				TargetAttributes = {
					AEBBEB63246E8D6200F00590 = {
						CreatedOnToolsVersion = 11.4.1;
					};
					AEBBEB79246E8D6300F00590 = {
						CreatedOnToolsVersion = 11.4.1;
						TestTargetID = AEBBEB63246E8D6200F00590;
					};
					AEBBEB84246E8D6300F00590 = {
						CreatedOnToolsVersion = 11.4.1;
						TestTargetID = AEBBEB63246E8D6200F00590;
					};
				};
			};
			buildConfigurationList = AEBBEB5F246E8D6200F00590 /* Build configuration list for PBXProject "TechMon" */;
			compatibilityVersion = "Xcode 9.3";
			developmentRegion = en;
			hasScannedForEncodings = 0;
			knownRegions = (
				en,
				Base,
			);
			mainGroup = AEBBEB5B246E8D6200F00590;
			productRefGroup = AEBBEB65246E8D6200F00590 /* Products */;
			projectDirPath = "";
			projectRoot = "";
			targets = (
				AEBBEB63246E8D6200F00590 /* TechMon */,
				AEBBEB79246E8D6300F00590 /* TechMonTests */,
				AEBBEB84246E8D6300F00590 /* TechMonUITests */,
			);
		};
/* End PBXProject section */

/* Begin PBXResourcesBuildPhase section */
		AEBBEB62246E8D6200F00590 /* Resources */ = {
			isa = PBXResourcesBuildPhase;
			buildActionMask = 2147483647;
			files = (
				AEB9FBF2246EEC03001A1F54 /* SE_charge.mp3 in Resources */,
				AEB9FBF3246EEC03001A1F54 /* lobby.mp3 in Resources */,
				AEB9FBE3246EEC03001A1F54 /* bgimage.jpg in Resources */,
				AEBBEB74246E8D6300F00590 /* LaunchScreen.storyboard in Resources */,
				AEB9FBE8246EEC03001A1F54 /* monster.png in Resources */,
				AEB9FBED246EEC03001A1F54 /* BGM_battle001.mp3 in Resources */,
				AEB9FBE5246EEC03001A1F54 /* waku.png in Resources */,
				AEB9FBE9246EEC03001A1F54 /* Icon in Resources */,
				AEB9FBF5246EEC03001A1F54 /* misaki_gothic.ttf in Resources */,
				AEB9FBEF246EEC03001A1F54 /* SE_fire.mp3 in Resources */,
				AEB9FBE6246EEC03001A1F54 /* gold_button.png in Resources */,
				AEB9FBEC246EEC03001A1F54 /* SE_fanfare.mp3 in Resources */,
				AEB9FBF4246EEC03001A1F54 /* Icon in Resources */,
				AEBBEB71246E8D6300F00590 /* Assets.xcassets in Resources */,
				AEB9FBE7246EEC03001A1F54 /* yusya.png in Resources */,
				AEB9FBE4246EEC03001A1F54 /* Icon in Resources */,
				AEB9FBEE246EEC03001A1F54 /* Icon in Resources */,
				AEBBEB6F246E8D6200F00590 /* Main.storyboard in Resources */,
				AEB9FBF0246EEC03001A1F54 /* SE_attack.mp3 in Resources */,
				AEB9FBE0246EEC03001A1F54 /* Icon in Resources */,
				AEB9FBE2246EEC03001A1F54 /* battlebg.png in Resources */,
				AEB9FBF1246EEC03001A1F54 /* SE_gameover.mp3 in Resources */,
				AEB9FBE1246EEC03001A1F54 /* lobby.png in Resources */,
			);
			runOnlyForDeploymentPostprocessing = 0;
		};
		AEBBEB78246E8D6300F00590 /* Resources */ = {
			isa = PBXResourcesBuildPhase;
			buildActionMask = 2147483647;
			files = (
			);
			runOnlyForDeploymentPostprocessing = 0;
		};
		AEBBEB83246E8D6300F00590 /* Resources */ = {
			isa = PBXResourcesBuildPhase;
			buildActionMask = 2147483647;
			files = (
			);
			runOnlyForDeploymentPostprocessing = 0;
		};
/* End PBXResourcesBuildPhase section */

/* Begin PBXSourcesBuildPhase section */
		AEBBEB60246E8D6200F00590 /* Sources */ = {
			isa = PBXSourcesBuildPhase;
			buildActionMask = 2147483647;
			files = (
				AEB9FBEA246EEC03001A1F54 /* TechMonManager.swift in Sources */,
				AEBBEBC3246E999500F00590 /* BattleViewController.swift in Sources */,
				AEB9FBEB246EEC03001A1F54 /* Character.swift in Sources */,
				AEBBEB6C246E8D6200F00590 /* ViewController.swift in Sources */,
				AEBBEB68246E8D6200F00590 /* AppDelegate.swift in Sources */,
				AEBBEB6A246E8D6200F00590 /* SceneDelegate.swift in Sources */,
				AEBBEBC1246E997A00F00590 /* LobbyViewController.swift in Sources */,
			);
			runOnlyForDeploymentPostprocessing = 0;
		};
		AEBBEB76246E8D6300F00590 /* Sources */ = {
			isa = PBXSourcesBuildPhase;
			buildActionMask = 2147483647;
			files = (
				AEBBEB7F246E8D6300F00590 /* TechMonTests.swift in Sources */,
			);
			runOnlyForDeploymentPostprocessing = 0;
		};
		AEBBEB81246E8D6300F00590 /* Sources */ = {
			isa = PBXSourcesBuildPhase;
			buildActionMask = 2147483647;
			files = (
				AEBBEB8A246E8D6300F00590 /* TechMonUITests.swift in Sources */,
			);
			runOnlyForDeploymentPostprocessing = 0;
		};
/* End PBXSourcesBuildPhase section */

/* Begin PBXTargetDependency section */
		AEBBEB7C246E8D6300F00590 /* PBXTargetDependency */ = {
			isa = PBXTargetDependency;
			target = AEBBEB63246E8D6200F00590 /* TechMon */;
			targetProxy = AEBBEB7B246E8D6300F00590 /* PBXContainerItemProxy */;
		};
		AEBBEB87246E8D6300F00590 /* PBXTargetDependency */ = {
			isa = PBXTargetDependency;
			target = AEBBEB63246E8D6200F00590 /* TechMon */;
			targetProxy = AEBBEB86246E8D6300F00590 /* PBXContainerItemProxy */;
		};
/* End PBXTargetDependency section */

/* Begin PBXVariantGroup section */
		AEBBEB6D246E8D6200F00590 /* Main.storyboard */ = {
			isa = PBXVariantGroup;
			children = (
				AEBBEB6E246E8D6200F00590 /* Base */,
			);
			name = Main.storyboard;
			sourceTree = "<group>";
		};
		AEBBEB72246E8D6300F00590 /* LaunchScreen.storyboard */ = {
			isa = PBXVariantGroup;
			children = (
				AEBBEB73246E8D6300F00590 /* Base */,
			);
			name = LaunchScreen.storyboard;
			sourceTree = "<group>";
		};
/* End PBXVariantGroup section */

/* Begin XCBuildConfiguration section */
		AEBBEB8C246E8D6300F00590 /* Debug */ = {
			isa = XCBuildConfiguration;
			buildSettings = {
				ALWAYS_SEARCH_USER_PATHS = NO;
				CLANG_ANALYZER_NONNULL = YES;
				CLANG_ANALYZER_NUMBER_OBJECT_CONVERSION = YES_AGGRESSIVE;
				CLANG_CXX_LANGUAGE_STANDARD = "gnu++14";
				CLANG_CXX_LIBRARY = "libc++";
				CLANG_ENABLE_MODULES = YES;
				CLANG_ENABLE_OBJC_ARC = YES;
				CLANG_ENABLE_OBJC_WEAK = YES;
				CLANG_WARN_BLOCK_CAPTURE_AUTORELEASING = YES;
				CLANG_WARN_BOOL_CONVERSION = YES;
				CLANG_WARN_COMMA = YES;
				CLANG_WARN_CONSTANT_CONVERSION = YES;
				CLANG_WARN_DEPRECATED_OBJC_IMPLEMENTATIONS = YES;
				CLANG_WARN_DIRECT_OBJC_ISA_USAGE = YES_ERROR;
				CLANG_WARN_DOCUMENTATION_COMMENTS = YES;
				CLANG_WARN_EMPTY_BODY = YES;
				CLANG_WARN_ENUM_CONVERSION = YES;
				CLANG_WARN_INFINITE_RECURSION = YES;
				CLANG_WARN_INT_CONVERSION = YES;
				CLANG_WARN_NON_LITERAL_NULL_CONVERSION = YES;
				CLANG_WARN_OBJC_IMPLICIT_RETAIN_SELF = YES;
				CLANG_WARN_OBJC_LITERAL_CONVERSION = YES;
				CLANG_WARN_OBJC_ROOT_CLASS = YES_ERROR;
				CLANG_WARN_RANGE_LOOP_ANALYSIS = YES;
				CLANG_WARN_STRICT_PROTOTYPES = YES;
				CLANG_WARN_SUSPICIOUS_MOVE = YES;
				CLANG_WARN_UNGUARDED_AVAILABILITY = YES_AGGRESSIVE;
				CLANG_WARN_UNREACHABLE_CODE = YES;
				CLANG_WARN__DUPLICATE_METHOD_MATCH = YES;
				COPY_PHASE_STRIP = NO;
				DEBUG_INFORMATION_FORMAT = dwarf;
				ENABLE_STRICT_OBJC_MSGSEND = YES;
				ENABLE_TESTABILITY = YES;
				GCC_C_LANGUAGE_STANDARD = gnu11;
				GCC_DYNAMIC_NO_PIC = NO;
				GCC_NO_COMMON_BLOCKS = YES;
				GCC_OPTIMIZATION_LEVEL = 0;
				GCC_PREPROCESSOR_DEFINITIONS = (
					"DEBUG=1",
					"$(inherited)",
				);
				GCC_WARN_64_TO_32_BIT_CONVERSION = YES;
				GCC_WARN_ABOUT_RETURN_TYPE = YES_ERROR;
				GCC_WARN_UNDECLARED_SELECTOR = YES;
				GCC_WARN_UNINITIALIZED_AUTOS = YES_AGGRESSIVE;
				GCC_WARN_UNUSED_FUNCTION = YES;
				GCC_WARN_UNUSED_VARIABLE = YES;
				IPHONEOS_DEPLOYMENT_TARGET = 13.4;
				MTL_ENABLE_DEBUG_INFO = INCLUDE_SOURCE;
				MTL_FAST_MATH = YES;
				ONLY_ACTIVE_ARCH = YES;
				SDKROOT = iphoneos;
				SWIFT_ACTIVE_COMPILATION_CONDITIONS = DEBUG;
				SWIFT_OPTIMIZATION_LEVEL = "-Onone";
			};
			name = Debug;
		};
		AEBBEB8D246E8D6300F00590 /* Release */ = {
			isa = XCBuildConfiguration;
			buildSettings = {
				ALWAYS_SEARCH_USER_PATHS = NO;
				CLANG_ANALYZER_NONNULL = YES;
				CLANG_ANALYZER_NUMBER_OBJECT_CONVERSION = YES_AGGRESSIVE;
				CLANG_CXX_LANGUAGE_STANDARD = "gnu++14";
				CLANG_CXX_LIBRARY = "libc++";
				CLANG_ENABLE_MODULES = YES;
				CLANG_ENABLE_OBJC_ARC = YES;
				CLANG_ENABLE_OBJC_WEAK = YES;
				CLANG_WARN_BLOCK_CAPTURE_AUTORELEASING = YES;
				CLANG_WARN_BOOL_CONVERSION = YES;
				CLANG_WARN_COMMA = YES;
				CLANG_WARN_CONSTANT_CONVERSION = YES;
				CLANG_WARN_DEPRECATED_OBJC_IMPLEMENTATIONS = YES;
				CLANG_WARN_DIRECT_OBJC_ISA_USAGE = YES_ERROR;
				CLANG_WARN_DOCUMENTATION_COMMENTS = YES;
				CLANG_WARN_EMPTY_BODY = YES;
				CLANG_WARN_ENUM_CONVERSION = YES;
				CLANG_WARN_INFINITE_RECURSION = YES;
				CLANG_WARN_INT_CONVERSION = YES;
				CLANG_WARN_NON_LITERAL_NULL_CONVERSION = YES;
				CLANG_WARN_OBJC_IMPLICIT_RETAIN_SELF = YES;
				CLANG_WARN_OBJC_LITERAL_CONVERSION = YES;
				CLANG_WARN_OBJC_ROOT_CLASS = YES_ERROR;
				CLANG_WARN_RANGE_LOOP_ANALYSIS = YES;
				CLANG_WARN_STRICT_PROTOTYPES = YES;
				CLANG_WARN_SUSPICIOUS_MOVE = YES;
				CLANG_WARN_UNGUARDED_AVAILABILITY = YES_AGGRESSIVE;
				CLANG_WARN_UNREACHABLE_CODE = YES;
				CLANG_WARN__DUPLICATE_METHOD_MATCH = YES;
				COPY_PHASE_STRIP = NO;
				DEBUG_INFORMATION_FORMAT = "dwarf-with-dsym";
				ENABLE_NS_ASSERTIONS = NO;
				ENABLE_STRICT_OBJC_MSGSEND = YES;
				GCC_C_LANGUAGE_STANDARD = gnu11;
				GCC_NO_COMMON_BLOCKS = YES;
				GCC_WARN_64_TO_32_BIT_CONVERSION = YES;
				GCC_WARN_ABOUT_RETURN_TYPE = YES_ERROR;
				GCC_WARN_UNDECLARED_SELECTOR = YES;
				GCC_WARN_UNINITIALIZED_AUTOS = YES_AGGRESSIVE;
				GCC_WARN_UNUSED_FUNCTION = YES;
				GCC_WARN_UNUSED_VARIABLE = YES;
				IPHONEOS_DEPLOYMENT_TARGET = 13.4;
				MTL_ENABLE_DEBUG_INFO = NO;
				MTL_FAST_MATH = YES;
				SDKROOT = iphoneos;
				SWIFT_COMPILATION_MODE = wholemodule;
				SWIFT_OPTIMIZATION_LEVEL = "-O";
				VALIDATE_PRODUCT = YES;
			};
			name = Release;
		};
		AEBBEB8F246E8D6300F00590 /* Debug */ = {
			isa = XCBuildConfiguration;
			buildSettings = {
				ASSETCATALOG_COMPILER_APPICON_NAME = AppIcon;
				CODE_SIGN_STYLE = Automatic;
				DEVELOPMENT_TEAM = F37685AA55;
				INFOPLIST_FILE = TechMon/Info.plist;
				LD_RUNPATH_SEARCH_PATHS = (
					"$(inherited)",
					"@executable_path/Frameworks",
				);
				PRODUCT_BUNDLE_IDENTIFIER = app.kusunose.hosho.TechMon;
				PRODUCT_NAME = "$(TARGET_NAME)";
				SWIFT_VERSION = 5.0;
				TARGETED_DEVICE_FAMILY = "1,2";
			};
			name = Debug;
		};
		AEBBEB90246E8D6300F00590 /* Release */ = {
			isa = XCBuildConfiguration;
			buildSettings = {
				ASSETCATALOG_COMPILER_APPICON_NAME = AppIcon;
				CODE_SIGN_STYLE = Automatic;
				DEVELOPMENT_TEAM = F37685AA55;
				INFOPLIST_FILE = TechMon/Info.plist;
				LD_RUNPATH_SEARCH_PATHS = (
					"$(inherited)",
					"@executable_path/Frameworks",
				);
				PRODUCT_BUNDLE_IDENTIFIER = app.kusunose.hosho.TechMon;
				PRODUCT_NAME = "$(TARGET_NAME)";
				SWIFT_VERSION = 5.0;
				TARGETED_DEVICE_FAMILY = "1,2";
			};
			name = Release;
		};
		AEBBEB92246E8D6300F00590 /* Debug */ = {
			isa = XCBuildConfiguration;
			buildSettings = {
				ALWAYS_EMBED_SWIFT_STANDARD_LIBRARIES = YES;
				BUNDLE_LOADER = "$(TEST_HOST)";
				CODE_SIGN_STYLE = Automatic;
				DEVELOPMENT_TEAM = F37685AA55;
				INFOPLIST_FILE = TechMonTests/Info.plist;
				IPHONEOS_DEPLOYMENT_TARGET = 13.4;
				LD_RUNPATH_SEARCH_PATHS = (
					"$(inherited)",
					"@executable_path/Frameworks",
					"@loader_path/Frameworks",
				);
				PRODUCT_BUNDLE_IDENTIFIER = app.kusunose.hosho.TechMonTests;
				PRODUCT_NAME = "$(TARGET_NAME)";
				SWIFT_VERSION = 5.0;
				TARGETED_DEVICE_FAMILY = "1,2";
				TEST_HOST = "$(BUILT_PRODUCTS_DIR)/TechMon.app/TechMon";
			};
			name = Debug;
		};
		AEBBEB93246E8D6300F00590 /* Release */ = {
			isa = XCBuildConfiguration;
			buildSettings = {
				ALWAYS_EMBED_SWIFT_STANDARD_LIBRARIES = YES;
				BUNDLE_LOADER = "$(TEST_HOST)";
				CODE_SIGN_STYLE = Automatic;
				DEVELOPMENT_TEAM = F37685AA55;
				INFOPLIST_FILE = TechMonTests/Info.plist;
				IPHONEOS_DEPLOYMENT_TARGET = 13.4;
				LD_RUNPATH_SEARCH_PATHS = (
					"$(inherited)",
					"@executable_path/Frameworks",
					"@loader_path/Frameworks",
				);
				PRODUCT_BUNDLE_IDENTIFIER = app.kusunose.hosho.TechMonTests;
				PRODUCT_NAME = "$(TARGET_NAME)";
				SWIFT_VERSION = 5.0;
				TARGETED_DEVICE_FAMILY = "1,2";
				TEST_HOST = "$(BUILT_PRODUCTS_DIR)/TechMon.app/TechMon";
			};
			name = Release;
		};
		AEBBEB95246E8D6300F00590 /* Debug */ = {
			isa = XCBuildConfiguration;
			buildSettings = {
				ALWAYS_EMBED_SWIFT_STANDARD_LIBRARIES = YES;
				CODE_SIGN_STYLE = Automatic;
				DEVELOPMENT_TEAM = F37685AA55;
				INFOPLIST_FILE = TechMonUITests/Info.plist;
				LD_RUNPATH_SEARCH_PATHS = (
					"$(inherited)",
					"@executable_path/Frameworks",
					"@loader_path/Frameworks",
				);
				PRODUCT_BUNDLE_IDENTIFIER = app.kusunose.hosho.TechMonUITests;
				PRODUCT_NAME = "$(TARGET_NAME)";
				SWIFT_VERSION = 5.0;
				TARGETED_DEVICE_FAMILY = "1,2";
				TEST_TARGET_NAME = TechMon;
			};
			name = Debug;
		};
		AEBBEB96246E8D6300F00590 /* Release */ = {
			isa = XCBuildConfiguration;
			buildSettings = {
				ALWAYS_EMBED_SWIFT_STANDARD_LIBRARIES = YES;
				CODE_SIGN_STYLE = Automatic;
				DEVELOPMENT_TEAM = F37685AA55;
				INFOPLIST_FILE = TechMonUITests/Info.plist;
				LD_RUNPATH_SEARCH_PATHS = (
					"$(inherited)",
					"@executable_path/Frameworks",
					"@loader_path/Frameworks",
				);
				PRODUCT_BUNDLE_IDENTIFIER = app.kusunose.hosho.TechMonUITests;
				PRODUCT_NAME = "$(TARGET_NAME)";
				SWIFT_VERSION = 5.0;
				TARGETED_DEVICE_FAMILY = "1,2";
				TEST_TARGET_NAME = TechMon;
			};
			name = Release;
		};
/* End XCBuildConfiguration section */

/* Begin XCConfigurationList section */
		AEBBEB5F246E8D6200F00590 /* Build configuration list for PBXProject "TechMon" */ = {
			isa = XCConfigurationList;
			buildConfigurations = (
				AEBBEB8C246E8D6300F00590 /* Debug */,
				AEBBEB8D246E8D6300F00590 /* Release */,
			);
			defaultConfigurationIsVisible = 0;
			defaultConfigurationName = Release;
		};
		AEBBEB8E246E8D6300F00590 /* Build configuration list for PBXNativeTarget "TechMon" */ = {
			isa = XCConfigurationList;
			buildConfigurations = (
				AEBBEB8F246E8D6300F00590 /* Debug */,
				AEBBEB90246E8D6300F00590 /* Release */,
			);
			defaultConfigurationIsVisible = 0;
			defaultConfigurationName = Release;
		};
		AEBBEB91246E8D6300F00590 /* Build configuration list for PBXNativeTarget "TechMonTests" */ = {
			isa = XCConfigurationList;
			buildConfigurations = (
				AEBBEB92246E8D6300F00590 /* Debug */,
				AEBBEB93246E8D6300F00590 /* Release */,
			);
			defaultConfigurationIsVisible = 0;
			defaultConfigurationName = Release;
		};
		AEBBEB94246E8D6300F00590 /* Build configuration list for PBXNativeTarget "TechMonUITests" */ = {
			isa = XCConfigurationList;
			buildConfigurations = (
				AEBBEB95246E8D6300F00590 /* Debug */,
				AEBBEB96246E8D6300F00590 /* Release */,
			);
			defaultConfigurationIsVisible = 0;
			defaultConfigurationName = Release;
		};
/* End XCConfigurationList section */
	};
	rootObject = AEBBEB5C246E8D6200F00590 /* Project object */;
}
